
Microsoft Visual Studio Solution File, Format Version 12.00
# Visual Studio Version 17
VisualStudioVersion = 17.8.34511.84
MinimumVisualStudioVersion = 10.0.40219.1
Project("{FAE04EC0-301F-11D3-BF4B-00C04F79EFBC}") = "WebApiProduct", "WebApiProduct\WebApiProduct.csproj", "{3664215D-4227-4D44-B489-C5881A704488}"
EndProject
Global
	GlobalSection(SolutionConfigurationPlatforms) = preSolution
		Debug|Any CPU = Debug|Any CPU
		Release|Any CPU = Release|Any CPU
	EndGlobalSection
	GlobalSection(ProjectConfigurationPlatforms) = postSolution
		{3664215D-4227-4D44-B489-C5881A704488}.Debug|Any CPU.ActiveCfg = Debug|Any CPU
		{3664215D-4227-4D44-B489-C5881A704488}.Debug|Any CPU.Build.0 = Debug|Any CPU
		{3664215D-4227-4D44-B489-C5881A704488}.Release|Any CPU.ActiveCfg = Release|Any CPU
		{3664215D-4227-4D44-B489-C5881A704488}.Release|Any CPU.Build.0 = Release|Any CPU
	EndGlobalSection
	GlobalSection(SolutionProperties) = preSolution
		HideSolutionNode = FALSE
	EndGlobalSection
	GlobalSection(ExtensibilityGlobals) = postSolution
		SolutionGuid = {EB28467C-6864-41F7-B326-B8B8B8C5FD87}
	EndGlobalSection
EndGlobal
